
Microsoft Visual Studio Solution File, Format Version 12.00
# Visual Studio Version 17
VisualStudioVersion = 17.14.36414.22 d17.14
MinimumVisualStudioVersion = 10.0.40219.1
Project("{FAE04EC0-301F-11D3-BF4B-00C04F79EFBC}") = "WebexGuestApi", "WebexGuestApi\WebexGuestApi.csproj", "{96BEFB2D-B46D-434F-9AFE-D7CD7A6A740E}"
EndProject
Global
	GlobalSection(SolutionConfigurationPlatforms) = preSolution
		Debug|Any CPU = Debug|Any CPU
		Release|Any CPU = Release|Any CPU
	EndGlobalSection
	GlobalSection(ProjectConfigurationPlatforms) = postSolution
		{96BEFB2D-B46D-434F-9AFE-D7CD7A6A740E}.Debug|Any CPU.ActiveCfg = Debug|Any CPU
		{96BEFB2D-B46D-434F-9AFE-D7CD7A6A740E}.Debug|Any CPU.Build.0 = Debug|Any CPU
		{96BEFB2D-B46D-434F-9AFE-D7CD7A6A740E}.Release|Any CPU.ActiveCfg = Release|Any CPU
		{96BEFB2D-B46D-434F-9AFE-D7CD7A6A740E}.Release|Any CPU.Build.0 = Release|Any CPU
	EndGlobalSection
	GlobalSection(SolutionProperties) = preSolution
		HideSolutionNode = FALSE
	EndGlobalSection
	GlobalSection(ExtensibilityGlobals) = postSolution
		SolutionGuid = {9DF9A488-7D7B-4A78-ABE6-23BD7FCE6ABE}
	EndGlobalSection
EndGlobal
